
Microsoft Visual Studio Solution File, Format Version 12.00
# Visual Studio Version 16
VisualStudioVersion = 16.0.30717.126
MinimumVisualStudioVersion = 10.0.40219.1
Project("{FAE04EC0-301F-11D3-BF4B-00C04F79EFBC}") = "Week2_Animal_Assignment", "Week2_Animal_Assignment\Week2_Animal_Assignment.csproj", "{BEE7884B-34AF-41A6-94AC-07582DDB28F3}"
EndProject
Global
	GlobalSection(SolutionConfigurationPlatforms) = preSolution
		Debug|Any CPU = Debug|Any CPU
		Release|Any CPU = Release|Any CPU
	EndGlobalSection
	GlobalSection(ProjectConfigurationPlatforms) = postSolution
		{BEE7884B-34AF-41A6-94AC-07582DDB28F3}.Debug|Any CPU.ActiveCfg = Debug|Any CPU
		{BEE7884B-34AF-41A6-94AC-07582DDB28F3}.Debug|Any CPU.Build.0 = Debug|Any CPU
		{BEE7884B-34AF-41A6-94AC-07582DDB28F3}.Release|Any CPU.ActiveCfg = Release|Any CPU
		{BEE7884B-34AF-41A6-94AC-07582DDB28F3}.Release|Any CPU.Build.0 = Release|Any CPU
	EndGlobalSection
	GlobalSection(SolutionProperties) = preSolution
		HideSolutionNode = FALSE
	EndGlobalSection
	GlobalSection(ExtensibilityGlobals) = postSolution
		SolutionGuid = {EB7A75F5-551A-4BE6-9AE7-B103A09C2E19}
	EndGlobalSection
EndGlobal
