
Microsoft Visual Studio Solution File, Format Version 12.00
# Visual Studio Version 16
VisualStudioVersion = 16.0.30717.126
MinimumVisualStudioVersion = 10.0.40219.1
Project("{FAE04EC0-301F-11D3-BF4B-00C04F79EFBC}") = "Week1InheritanceTransportation", "Week1InheritanceTransportation\Week1InheritanceTransportation.csproj", "{329E502A-753F-4118-9F2F-34A43F818C90}"
EndProject
Global
	GlobalSection(SolutionConfigurationPlatforms) = preSolution
		Debug|Any CPU = Debug|Any CPU
		Release|Any CPU = Release|Any CPU
	EndGlobalSection
	GlobalSection(ProjectConfigurationPlatforms) = postSolution
		{329E502A-753F-4118-9F2F-34A43F818C90}.Debug|Any CPU.ActiveCfg = Debug|Any CPU
		{329E502A-753F-4118-9F2F-34A43F818C90}.Debug|Any CPU.Build.0 = Debug|Any CPU
		{329E502A-753F-4118-9F2F-34A43F818C90}.Release|Any CPU.ActiveCfg = Release|Any CPU
		{329E502A-753F-4118-9F2F-34A43F818C90}.Release|Any CPU.Build.0 = Release|Any CPU
	EndGlobalSection
	GlobalSection(SolutionProperties) = preSolution
		HideSolutionNode = FALSE
	EndGlobalSection
	GlobalSection(ExtensibilityGlobals) = postSolution
		SolutionGuid = {CFFF8343-DEBA-41A7-908F-4EC0C92BAE51}
	EndGlobalSection
EndGlobal
