
Microsoft Visual Studio Solution File, Format Version 12.00
# Visual Studio Version 16
VisualStudioVersion = 16.0.30717.126
MinimumVisualStudioVersion = 10.0.40219.1
Project("{FAE04EC0-301F-11D3-BF4B-00C04F79EFBC}") = "DataCollectingApp", "DataCollectingApp\DataCollectingApp.csproj", "{D3C07FC8-6E16-4484-8E60-13C68C9FC75D}"
EndProject
Project("{FAE04EC0-301F-11D3-BF4B-00C04F79EFBC}") = "StatisticsApp", "StatisticsApp\StatisticsApp.csproj", "{24BD7662-C52E-4C5C-9806-68E62755837B}"
EndProject
Global
	GlobalSection(SolutionConfigurationPlatforms) = preSolution
		Debug|Any CPU = Debug|Any CPU
		Release|Any CPU = Release|Any CPU
	EndGlobalSection
	GlobalSection(ProjectConfigurationPlatforms) = postSolution
		{D3C07FC8-6E16-4484-8E60-13C68C9FC75D}.Debug|Any CPU.ActiveCfg = Debug|Any CPU
		{D3C07FC8-6E16-4484-8E60-13C68C9FC75D}.Debug|Any CPU.Build.0 = Debug|Any CPU
		{D3C07FC8-6E16-4484-8E60-13C68C9FC75D}.Release|Any CPU.ActiveCfg = Release|Any CPU
		{D3C07FC8-6E16-4484-8E60-13C68C9FC75D}.Release|Any CPU.Build.0 = Release|Any CPU
		{24BD7662-C52E-4C5C-9806-68E62755837B}.Debug|Any CPU.ActiveCfg = Debug|Any CPU
		{24BD7662-C52E-4C5C-9806-68E62755837B}.Debug|Any CPU.Build.0 = Debug|Any CPU
		{24BD7662-C52E-4C5C-9806-68E62755837B}.Release|Any CPU.ActiveCfg = Release|Any CPU
		{24BD7662-C52E-4C5C-9806-68E62755837B}.Release|Any CPU.Build.0 = Release|Any CPU
	EndGlobalSection
	GlobalSection(SolutionProperties) = preSolution
		HideSolutionNode = FALSE
	EndGlobalSection
	GlobalSection(ExtensibilityGlobals) = postSolution
		SolutionGuid = {7E20808C-0805-43CC-8143-AE85E39A29EE}
	EndGlobalSection
EndGlobal
